// !$*UTF8*$!
{
	archiveVersion = 1;
	classes = {
	};
	objectVersion = 56;
	objects = {

/* Begin PBXBuildFile section */
		A9F1E1D6294C02A000D12F15 /* CocoaheadsApp.swift in Sources */ = {isa = PBXBuildFile; fileRef = A9F1E1D5294C02A000D12F15 /* CocoaheadsApp.swift */; };
		A9F1E1D8294C02A000D12F15 /* ContentView.swift in Sources */ = {isa = PBXBuildFile; fileRef = A9F1E1D7294C02A000D12F15 /* ContentView.swift */; };
		A9F1E1DA294C02A100D12F15 /* Assets.xcassets in Resources */ = {isa = PBXBuildFile; fileRef = A9F1E1D9294C02A100D12F15 /* Assets.xcassets */; };
		A9F1E1DD294C02A100D12F15 /* Preview Assets.xcassets in Resources */ = {isa = PBXBuildFile; fileRef = A9F1E1DC294C02A100D12F15 /* Preview Assets.xcassets */; };
		A9F1E1E7294C02A100D12F15 /* CocoaheadsTests.swift in Sources */ = {isa = PBXBuildFile; fileRef = A9F1E1E6294C02A100D12F15 /* CocoaheadsTests.swift */; };
		A9F1E1F1294C02A100D12F15 /* CocoaheadsUITests.swift in Sources */ = {isa = PBXBuildFile; fileRef = A9F1E1F0294C02A100D12F15 /* CocoaheadsUITests.swift */; };
		A9F1E1F3294C02A100D12F15 /* CocoaheadsUITestsLaunchTests.swift in Sources */ = {isa = PBXBuildFile; fileRef = A9F1E1F2294C02A100D12F15 /* CocoaheadsUITestsLaunchTests.swift */; };
/* End PBXBuildFile section */

/* Begin PBXContainerItemProxy section */
		A9F1E1E3294C02A100D12F15 /* PBXContainerItemProxy */ = {
			isa = PBXContainerItemProxy;
			containerPortal = A9F1E1CA294C02A000D12F15 /* Project object */;
			proxyType = 1;
			remoteGlobalIDString = A9F1E1D1294C02A000D12F15;
			remoteInfo = Cocoaheads;
		};
		A9F1E1ED294C02A100D12F15 /* PBXContainerItemProxy */ = {
			isa = PBXContainerItemProxy;
			containerPortal = A9F1E1CA294C02A000D12F15 /* Project object */;
			proxyType = 1;
			remoteGlobalIDString = A9F1E1D1294C02A000D12F15;
			remoteInfo = Cocoaheads;
		};
/* End PBXContainerItemProxy section */

/* Begin PBXFileReference section */
		A9F1E1D2294C02A000D12F15 /* Cocoaheads.app */ = {isa = PBXFileReference; explicitFileType = wrapper.application; includeInIndex = 0; path = Cocoaheads.app; sourceTree = BUILT_PRODUCTS_DIR; };
		A9F1E1D5294C02A000D12F15 /* CocoaheadsApp.swift */ = {isa = PBXFileReference; lastKnownFileType = sourcecode.swift; path = CocoaheadsApp.swift; sourceTree = "<group>"; };
		A9F1E1D7294C02A000D12F15 /* ContentView.swift */ = {isa = PBXFileReference; lastKnownFileType = sourcecode.swift; path = ContentView.swift; sourceTree = "<group>"; };
		A9F1E1D9294C02A100D12F15 /* Assets.xcassets */ = {isa = PBXFileReference; lastKnownFileType = folder.assetcatalog; path = Assets.xcassets; sourceTree = "<group>"; };
		A9F1E1DC294C02A100D12F15 /* Preview Assets.xcassets */ = {isa = PBXFileReference; lastKnownFileType = folder.assetcatalog; path = "Preview Assets.xcassets"; sourceTree = "<group>"; };
		A9F1E1E2294C02A100D12F15 /* CocoaheadsTests.xctest */ = {isa = PBXFileReference; explicitFileType = wrapper.cfbundle; includeInIndex = 0; path = CocoaheadsTests.xctest; sourceTree = BUILT_PRODUCTS_DIR; };
		A9F1E1E6294C02A100D12F15 /* CocoaheadsTests.swift */ = {isa = PBXFileReference; lastKnownFileType = sourcecode.swift; path = CocoaheadsTests.swift; sourceTree = "<group>"; };
		A9F1E1EC294C02A100D12F15 /* CocoaheadsUITests.xctest */ = {isa = PBXFileReference; explicitFileType = wrapper.cfbundle; includeInIndex = 0; path = CocoaheadsUITests.xctest; sourceTree = BUILT_PRODUCTS_DIR; };
		A9F1E1F0294C02A100D12F15 /* CocoaheadsUITests.swift */ = {isa = PBXFileReference; lastKnownFileType = sourcecode.swift; path = CocoaheadsUITests.swift; sourceTree = "<group>"; };
		A9F1E1F2294C02A100D12F15 /* CocoaheadsUITestsLaunchTests.swift */ = {isa = PBXFileReference; lastKnownFileType = sourcecode.swift; path = CocoaheadsUITestsLaunchTests.swift; sourceTree = "<group>"; };
/* End PBXFileReference section */

/* Begin PBXFrameworksBuildPhase section */
		A9F1E1CF294C02A000D12F15 /* Frameworks */ = {
			isa = PBXFrameworksBuildPhase;
			buildActionMask = 2147483647;
			files = (
			);
			runOnlyForDeploymentPostprocessing = 0;
		};
		A9F1E1DF294C02A100D12F15 /* Frameworks */ = {
			isa = PBXFrameworksBuildPhase;
			buildActionMask = 2147483647;
			files = (
			);
			runOnlyForDeploymentPostprocessing = 0;
		};
		A9F1E1E9294C02A100D12F15 /* Frameworks */ = {
			isa = PBXFrameworksBuildPhase;
			buildActionMask = 2147483647;
			files = (
			);
			runOnlyForDeploymentPostprocessing = 0;
		};
/* End PBXFrameworksBuildPhase section */

/* Begin PBXGroup section */
		A9F1E1C9294C02A000D12F15 = {
			isa = PBXGroup;
			children = (
				A9F1E1D4294C02A000D12F15 /* Cocoaheads */,
				A9F1E1E5294C02A100D12F15 /* CocoaheadsTests */,
				A9F1E1EF294C02A100D12F15 /* CocoaheadsUITests */,
				A9F1E1D3294C02A000D12F15 /* Products */,
			);
			sourceTree = "<group>";
		};
		A9F1E1D3294C02A000D12F15 /* Products */ = {
			isa = PBXGroup;
			children = (
				A9F1E1D2294C02A000D12F15 /* Cocoaheads.app */,
				A9F1E1E2294C02A100D12F15 /* CocoaheadsTests.xctest */,
				A9F1E1EC294C02A100D12F15 /* CocoaheadsUITests.xctest */,
			);
			name = Products;
			sourceTree = "<group>";
		};
		A9F1E1D4294C02A000D12F15 /* Cocoaheads */ = {
			isa = PBXGroup;
			children = (
				A9F1E1D5294C02A000D12F15 /* CocoaheadsApp.swift */,
				A9F1E1D7294C02A000D12F15 /* ContentView.swift */,
				A9F1E1D9294C02A100D12F15 /* Assets.xcassets */,
				A9F1E1DB294C02A100D12F15 /* Preview Content */,
			);
			path = Cocoaheads;
			sourceTree = "<group>";
		};
		A9F1E1DB294C02A100D12F15 /* Preview Content */ = {
			isa = PBXGroup;
			children = (
				A9F1E1DC294C02A100D12F15 /* Preview Assets.xcassets */,
			);
			path = "Preview Content";
			sourceTree = "<group>";
		};
		A9F1E1E5294C02A100D12F15 /* CocoaheadsTests */ = {
			isa = PBXGroup;
			children = (
				A9F1E1E6294C02A100D12F15 /* CocoaheadsTests.swift */,
			);
			path = CocoaheadsTests;
			sourceTree = "<group>";
		};
		A9F1E1EF294C02A100D12F15 /* CocoaheadsUITests */ = {
			isa = PBXGroup;
			children = (
				A9F1E1F0294C02A100D12F15 /* CocoaheadsUITests.swift */,
				A9F1E1F2294C02A100D12F15 /* CocoaheadsUITestsLaunchTests.swift */,
			);
			path = CocoaheadsUITests;
			sourceTree = "<group>";
		};
/* End PBXGroup section */

/* Begin PBXNativeTarget section */
		A9F1E1D1294C02A000D12F15 /* Cocoaheads */ = {
			isa = PBXNativeTarget;
			buildConfigurationList = A9F1E1F6294C02A100D12F15 /* Build configuration list for PBXNativeTarget "Cocoaheads" */;
			buildPhases = (
				A9F1E1CE294C02A000D12F15 /* Sources */,
				A9F1E1CF294C02A000D12F15 /* Frameworks */,
				A9F1E1D0294C02A000D12F15 /* Resources */,
			);
			buildRules = (
			);
			dependencies = (
			);
			name = Cocoaheads;
			productName = Cocoaheads;
			productReference = A9F1E1D2294C02A000D12F15 /* Cocoaheads.app */;
			productType = "com.apple.product-type.application";
		};
		A9F1E1E1294C02A100D12F15 /* CocoaheadsTests */ = {
			isa = PBXNativeTarget;
			buildConfigurationList = A9F1E1F9294C02A100D12F15 /* Build configuration list for PBXNativeTarget "CocoaheadsTests" */;
			buildPhases = (
				A9F1E1DE294C02A100D12F15 /* Sources */,
				A9F1E1DF294C02A100D12F15 /* Frameworks */,
				A9F1E1E0294C02A100D12F15 /* Resources */,
			);
			buildRules = (
			);
			dependencies = (
				A9F1E1E4294C02A100D12F15 /* PBXTargetDependency */,
			);
			name = CocoaheadsTests;
			productName = CocoaheadsTests;
			productReference = A9F1E1E2294C02A100D12F15 /* CocoaheadsTests.xctest */;
			productType = "com.apple.product-type.bundle.unit-test";
		};
		A9F1E1EB294C02A100D12F15 /* CocoaheadsUITests */ = {
			isa = PBXNativeTarget;
			buildConfigurationList = A9F1E1FC294C02A100D12F15 /* Build configuration list for PBXNativeTarget "CocoaheadsUITests" */;
			buildPhases = (
				A9F1E1E8294C02A100D12F15 /* Sources */,
				A9F1E1E9294C02A100D12F15 /* Frameworks */,
				A9F1E1EA294C02A100D12F15 /* Resources */,
			);
			buildRules = (
			);
			dependencies = (
				A9F1E1EE294C02A100D12F15 /* PBXTargetDependency */,
			);
			name = CocoaheadsUITests;
			productName = CocoaheadsUITests;
			productReference = A9F1E1EC294C02A100D12F15 /* CocoaheadsUITests.xctest */;
			productType = "com.apple.product-type.bundle.ui-testing";
		};
/* End PBXNativeTarget section */

/* Begin PBXProject section */
		A9F1E1CA294C02A000D12F15 /* Project object */ = {
			isa = PBXProject;
			attributes = {
				BuildIndependentTargetsInParallel = 1;
				LastSwiftUpdateCheck = 1420;
				LastUpgradeCheck = 1420;
				TargetAttributes = {
					A9F1E1D1294C02A000D12F15 = {
						CreatedOnToolsVersion = 14.2;
					};
					A9F1E1E1294C02A100D12F15 = {
						CreatedOnToolsVersion = 14.2;
						TestTargetID = A9F1E1D1294C02A000D12F15;
					};
					A9F1E1EB294C02A100D12F15 = {
						CreatedOnToolsVersion = 14.2;
						TestTargetID = A9F1E1D1294C02A000D12F15;
					};
				};
			};
			buildConfigurationList = A9F1E1CD294C02A000D12F15 /* Build configuration list for PBXProject "Cocoaheads" */;
			compatibilityVersion = "Xcode 14.0";
			developmentRegion = en;
			hasScannedForEncodings = 0;
			knownRegions = (
				en,
				Base,
			);
			mainGroup = A9F1E1C9294C02A000D12F15;
			productRefGroup = A9F1E1D3294C02A000D12F15 /* Products */;
			projectDirPath = "";
			projectRoot = "";
			targets = (
				A9F1E1D1294C02A000D12F15 /* Cocoaheads */,
				A9F1E1E1294C02A100D12F15 /* CocoaheadsTests */,
				A9F1E1EB294C02A100D12F15 /* CocoaheadsUITests */,
			);
		};
/* End PBXProject section */

/* Begin PBXResourcesBuildPhase section */
		A9F1E1D0294C02A000D12F15 /* Resources */ = {
			isa = PBXResourcesBuildPhase;
			buildActionMask = 2147483647;
			files = (
				A9F1E1DD294C02A100D12F15 /* Preview Assets.xcassets in Resources */,
				A9F1E1DA294C02A100D12F15 /* Assets.xcassets in Resources */,
			);
			runOnlyForDeploymentPostprocessing = 0;
		};
		A9F1E1E0294C02A100D12F15 /* Resources */ = {
			isa = PBXResourcesBuildPhase;
			buildActionMask = 2147483647;
			files = (
			);
			runOnlyForDeploymentPostprocessing = 0;
		};
		A9F1E1EA294C02A100D12F15 /* Resources */ = {
			isa = PBXResourcesBuildPhase;
			buildActionMask = 2147483647;
			files = (
			);
			runOnlyForDeploymentPostprocessing = 0;
		};
/* End PBXResourcesBuildPhase section */

/* Begin PBXSourcesBuildPhase section */
		A9F1E1CE294C02A000D12F15 /* Sources */ = {
			isa = PBXSourcesBuildPhase;
			buildActionMask = 2147483647;
			files = (
				A9F1E1D8294C02A000D12F15 /* ContentView.swift in Sources */,
				A9F1E1D6294C02A000D12F15 /* CocoaheadsApp.swift in Sources */,
			);
			runOnlyForDeploymentPostprocessing = 0;
		};
		A9F1E1DE294C02A100D12F15 /* Sources */ = {
			isa = PBXSourcesBuildPhase;
			buildActionMask = 2147483647;
			files = (
				A9F1E1E7294C02A100D12F15 /* CocoaheadsTests.swift in Sources */,
			);
			runOnlyForDeploymentPostprocessing = 0;
		};
		A9F1E1E8294C02A100D12F15 /* Sources */ = {
			isa = PBXSourcesBuildPhase;
			buildActionMask = 2147483647;
			files = (
				A9F1E1F3294C02A100D12F15 /* CocoaheadsUITestsLaunchTests.swift in Sources */,
				A9F1E1F1294C02A100D12F15 /* CocoaheadsUITests.swift in Sources */,
			);
			runOnlyForDeploymentPostprocessing = 0;
		};
/* End PBXSourcesBuildPhase section */

/* Begin PBXTargetDependency section */
		A9F1E1E4294C02A100D12F15 /* PBXTargetDependency */ = {
			isa = PBXTargetDependency;
			target = A9F1E1D1294C02A000D12F15 /* Cocoaheads */;
			targetProxy = A9F1E1E3294C02A100D12F15 /* PBXContainerItemProxy */;
		};
		A9F1E1EE294C02A100D12F15 /* PBXTargetDependency */ = {
			isa = PBXTargetDependency;
			target = A9F1E1D1294C02A000D12F15 /* Cocoaheads */;
			targetProxy = A9F1E1ED294C02A100D12F15 /* PBXContainerItemProxy */;
		};
/* End PBXTargetDependency section */

/* Begin XCBuildConfiguration section */
		A9F1E1F4294C02A100D12F15 /* Debug */ = {
			isa = XCBuildConfiguration;
			buildSettings = {
				ALWAYS_SEARCH_USER_PATHS = NO;
				CLANG_ANALYZER_NONNULL = YES;
				CLANG_ANALYZER_NUMBER_OBJECT_CONVERSION = YES_AGGRESSIVE;
				CLANG_CXX_LANGUAGE_STANDARD = "gnu++20";
				CLANG_ENABLE_MODULES = YES;
				CLANG_ENABLE_OBJC_ARC = YES;
				CLANG_ENABLE_OBJC_WEAK = YES;
				CLANG_WARN_BLOCK_CAPTURE_AUTORELEASING = YES;
				CLANG_WARN_BOOL_CONVERSION = YES;
				CLANG_WARN_COMMA = YES;
				CLANG_WARN_CONSTANT_CONVERSION = YES;
				CLANG_WARN_DEPRECATED_OBJC_IMPLEMENTATIONS = YES;
				CLANG_WARN_DIRECT_OBJC_ISA_USAGE = YES_ERROR;
				CLANG_WARN_DOCUMENTATION_COMMENTS = YES;
				CLANG_WARN_EMPTY_BODY = YES;
				CLANG_WARN_ENUM_CONVERSION = YES;
				CLANG_WARN_INFINITE_RECURSION = YES;
				CLANG_WARN_INT_CONVERSION = YES;
				CLANG_WARN_NON_LITERAL_NULL_CONVERSION = YES;
				CLANG_WARN_OBJC_IMPLICIT_RETAIN_SELF = YES;
				CLANG_WARN_OBJC_LITERAL_CONVERSION = YES;
				CLANG_WARN_OBJC_ROOT_CLASS = YES_ERROR;
				CLANG_WARN_QUOTED_INCLUDE_IN_FRAMEWORK_HEADER = YES;
				CLANG_WARN_RANGE_LOOP_ANALYSIS = YES;
				CLANG_WARN_STRICT_PROTOTYPES = YES;
				CLANG_WARN_SUSPICIOUS_MOVE = YES;
				CLANG_WARN_UNGUARDED_AVAILABILITY = YES_AGGRESSIVE;
				CLANG_WARN_UNREACHABLE_CODE = YES;
				CLANG_WARN__DUPLICATE_METHOD_MATCH = YES;
				COPY_PHASE_STRIP = NO;
				DEBUG_INFORMATION_FORMAT = dwarf;
				ENABLE_STRICT_OBJC_MSGSEND = YES;
				ENABLE_TESTABILITY = YES;
				GCC_C_LANGUAGE_STANDARD = gnu11;
				GCC_DYNAMIC_NO_PIC = NO;
				GCC_NO_COMMON_BLOCKS = YES;
				GCC_OPTIMIZATION_LEVEL = 0;
				GCC_PREPROCESSOR_DEFINITIONS = (
					"DEBUG=1",
					"$(inherited)",
				);
				GCC_WARN_64_TO_32_BIT_CONVERSION = YES;
				GCC_WARN_ABOUT_RETURN_TYPE = YES_ERROR;
				GCC_WARN_UNDECLARED_SELECTOR = YES;
				GCC_WARN_UNINITIALIZED_AUTOS = YES_AGGRESSIVE;
				GCC_WARN_UNUSED_FUNCTION = YES;
				GCC_WARN_UNUSED_VARIABLE = YES;
				IPHONEOS_DEPLOYMENT_TARGET = 16.2;
				MTL_ENABLE_DEBUG_INFO = INCLUDE_SOURCE;
				MTL_FAST_MATH = YES;
				ONLY_ACTIVE_ARCH = YES;
				SDKROOT = iphoneos;
				SWIFT_ACTIVE_COMPILATION_CONDITIONS = DEBUG;
				SWIFT_OPTIMIZATION_LEVEL = "-Onone";
			};
			name = Debug;
		};
		A9F1E1F5294C02A100D12F15 /* Release */ = {
			isa = XCBuildConfiguration;
			buildSettings = {
				ALWAYS_SEARCH_USER_PATHS = NO;
				CLANG_ANALYZER_NONNULL = YES;
				CLANG_ANALYZER_NUMBER_OBJECT_CONVERSION = YES_AGGRESSIVE;
				CLANG_CXX_LANGUAGE_STANDARD = "gnu++20";
				CLANG_ENABLE_MODULES = YES;
				CLANG_ENABLE_OBJC_ARC = YES;
				CLANG_ENABLE_OBJC_WEAK = YES;
				CLANG_WARN_BLOCK_CAPTURE_AUTORELEASING = YES;
				CLANG_WARN_BOOL_CONVERSION = YES;
				CLANG_WARN_COMMA = YES;
				CLANG_WARN_CONSTANT_CONVERSION = YES;
				CLANG_WARN_DEPRECATED_OBJC_IMPLEMENTATIONS = YES;
				CLANG_WARN_DIRECT_OBJC_ISA_USAGE = YES_ERROR;
				CLANG_WARN_DOCUMENTATION_COMMENTS = YES;
				CLANG_WARN_EMPTY_BODY = YES;
				CLANG_WARN_ENUM_CONVERSION = YES;
				CLANG_WARN_INFINITE_RECURSION = YES;
				CLANG_WARN_INT_CONVERSION = YES;
				CLANG_WARN_NON_LITERAL_NULL_CONVERSION = YES;
				CLANG_WARN_OBJC_IMPLICIT_RETAIN_SELF = YES;
				CLANG_WARN_OBJC_LITERAL_CONVERSION = YES;
				CLANG_WARN_OBJC_ROOT_CLASS = YES_ERROR;
				CLANG_WARN_QUOTED_INCLUDE_IN_FRAMEWORK_HEADER = YES;
				CLANG_WARN_RANGE_LOOP_ANALYSIS = YES;
				CLANG_WARN_STRICT_PROTOTYPES = YES;
				CLANG_WARN_SUSPICIOUS_MOVE = YES;
				CLANG_WARN_UNGUARDED_AVAILABILITY = YES_AGGRESSIVE;
				CLANG_WARN_UNREACHABLE_CODE = YES;
				CLANG_WARN__DUPLICATE_METHOD_MATCH = YES;
				COPY_PHASE_STRIP = NO;
				DEBUG_INFORMATION_FORMAT = "dwarf-with-dsym";
				ENABLE_NS_ASSERTIONS = NO;
				ENABLE_STRICT_OBJC_MSGSEND = YES;
				GCC_C_LANGUAGE_STANDARD = gnu11;
				GCC_NO_COMMON_BLOCKS = YES;
				GCC_WARN_64_TO_32_BIT_CONVERSION = YES;
				GCC_WARN_ABOUT_RETURN_TYPE = YES_ERROR;
				GCC_WARN_UNDECLARED_SELECTOR = YES;
				GCC_WARN_UNINITIALIZED_AUTOS = YES_AGGRESSIVE;
				GCC_WARN_UNUSED_FUNCTION = YES;
				GCC_WARN_UNUSED_VARIABLE = YES;
				IPHONEOS_DEPLOYMENT_TARGET = 16.2;
				MTL_ENABLE_DEBUG_INFO = NO;
				MTL_FAST_MATH = YES;
				SDKROOT = iphoneos;
				SWIFT_COMPILATION_MODE = wholemodule;
				SWIFT_OPTIMIZATION_LEVEL = "-O";
				VALIDATE_PRODUCT = YES;
			};
			name = Release;
		};
		A9F1E1F7294C02A100D12F15 /* Debug */ = {
			isa = XCBuildConfiguration;
			buildSettings = {
				ASSETCATALOG_COMPILER_APPICON_NAME = AppIcon;
				ASSETCATALOG_COMPILER_GLOBAL_ACCENT_COLOR_NAME = AccentColor;
				CODE_SIGN_STYLE = Automatic;
				CURRENT_PROJECT_VERSION = 1;
				DEVELOPMENT_ASSET_PATHS = "\"Cocoaheads/Preview Content\"";
				DEVELOPMENT_TEAM = 9KP7LFTE8H;
				ENABLE_PREVIEWS = YES;
				GENERATE_INFOPLIST_FILE = YES;
				INFOPLIST_KEY_UIApplicationSceneManifest_Generation = YES;
				INFOPLIST_KEY_UIApplicationSupportsIndirectInputEvents = YES;
				INFOPLIST_KEY_UILaunchScreen_Generation = YES;
				INFOPLIST_KEY_UISupportedInterfaceOrientations_iPad = "UIInterfaceOrientationPortrait UIInterfaceOrientationPortraitUpsideDown UIInterfaceOrientationLandscapeLeft UIInterfaceOrientationLandscapeRight";
				INFOPLIST_KEY_UISupportedInterfaceOrientations_iPhone = "UIInterfaceOrientationPortrait UIInterfaceOrientationLandscapeLeft UIInterfaceOrientationLandscapeRight";
				LD_RUNPATH_SEARCH_PATHS = (
					"$(inherited)",
					"@executable_path/Frameworks",
				);
				MARKETING_VERSION = 1.0;
				PRODUCT_BUNDLE_IDENTIFIER = com.clayellis.cocoaheads;
				PRODUCT_NAME = "$(TARGET_NAME)";
				SWIFT_EMIT_LOC_STRINGS = YES;
				SWIFT_VERSION = 5.0;
				TARGETED_DEVICE_FAMILY = "1,2";
			};
			name = Debug;
		};
		A9F1E1F8294C02A100D12F15 /* Release */ = {
			isa = XCBuildConfiguration;
			buildSettings = {
				ASSETCATALOG_COMPILER_APPICON_NAME = AppIcon;
				ASSETCATALOG_COMPILER_GLOBAL_ACCENT_COLOR_NAME = AccentColor;
				CODE_SIGN_STYLE = Automatic;
				CURRENT_PROJECT_VERSION = 1;
				DEVELOPMENT_ASSET_PATHS = "\"Cocoaheads/Preview Content\"";
				DEVELOPMENT_TEAM = 9KP7LFTE8H;
				ENABLE_PREVIEWS = YES;
				GENERATE_INFOPLIST_FILE = YES;
				INFOPLIST_KEY_UIApplicationSceneManifest_Generation = YES;
				INFOPLIST_KEY_UIApplicationSupportsIndirectInputEvents = YES;
				INFOPLIST_KEY_UILaunchScreen_Generation = YES;
				INFOPLIST_KEY_UISupportedInterfaceOrientations_iPad = "UIInterfaceOrientationPortrait UIInterfaceOrientationPortraitUpsideDown UIInterfaceOrientationLandscapeLeft UIInterfaceOrientationLandscapeRight";
				INFOPLIST_KEY_UISupportedInterfaceOrientations_iPhone = "UIInterfaceOrientationPortrait UIInterfaceOrientationLandscapeLeft UIInterfaceOrientationLandscapeRight";
				LD_RUNPATH_SEARCH_PATHS = (
					"$(inherited)",
					"@executable_path/Frameworks",
				);
				MARKETING_VERSION = 1.0;
				PRODUCT_BUNDLE_IDENTIFIER = com.clayellis.cocoaheads;
				PRODUCT_NAME = "$(TARGET_NAME)";
				SWIFT_EMIT_LOC_STRINGS = YES;
				SWIFT_VERSION = 5.0;
				TARGETED_DEVICE_FAMILY = "1,2";
			};
			name = Release;
		};
		A9F1E1FA294C02A100D12F15 /* Debug */ = {
			isa = XCBuildConfiguration;
			buildSettings = {
				ALWAYS_EMBED_SWIFT_STANDARD_LIBRARIES = YES;
				BUNDLE_LOADER = "$(TEST_HOST)";
				CODE_SIGN_STYLE = Automatic;
				CURRENT_PROJECT_VERSION = 1;
				DEVELOPMENT_TEAM = 9KP7LFTE8H;
				GENERATE_INFOPLIST_FILE = YES;
				IPHONEOS_DEPLOYMENT_TARGET = 16.2;
				MARKETING_VERSION = 1.0;
				PRODUCT_BUNDLE_IDENTIFIER = "com.swift-ci.CocoaheadsTests";
				PRODUCT_NAME = "$(TARGET_NAME)";
				SWIFT_EMIT_LOC_STRINGS = NO;
				SWIFT_VERSION = 5.0;
				TARGETED_DEVICE_FAMILY = "1,2";
				TEST_HOST = "$(BUILT_PRODUCTS_DIR)/Cocoaheads.app/$(BUNDLE_EXECUTABLE_FOLDER_PATH)/Cocoaheads";
			};
			name = Debug;
		};
		A9F1E1FB294C02A100D12F15 /* Release */ = {
			isa = XCBuildConfiguration;
			buildSettings = {
				ALWAYS_EMBED_SWIFT_STANDARD_LIBRARIES = YES;
				BUNDLE_LOADER = "$(TEST_HOST)";
				CODE_SIGN_STYLE = Automatic;
				CURRENT_PROJECT_VERSION = 1;
				DEVELOPMENT_TEAM = 9KP7LFTE8H;
				GENERATE_INFOPLIST_FILE = YES;
				IPHONEOS_DEPLOYMENT_TARGET = 16.2;
				MARKETING_VERSION = 1.0;
				PRODUCT_BUNDLE_IDENTIFIER = "com.swift-ci.CocoaheadsTests";
				PRODUCT_NAME = "$(TARGET_NAME)";
				SWIFT_EMIT_LOC_STRINGS = NO;
				SWIFT_VERSION = 5.0;
				TARGETED_DEVICE_FAMILY = "1,2";
				TEST_HOST = "$(BUILT_PRODUCTS_DIR)/Cocoaheads.app/$(BUNDLE_EXECUTABLE_FOLDER_PATH)/Cocoaheads";
			};
			name = Release;
		};
		A9F1E1FD294C02A100D12F15 /* Debug */ = {
			isa = XCBuildConfiguration;
			buildSettings = {
				ALWAYS_EMBED_SWIFT_STANDARD_LIBRARIES = YES;
				CODE_SIGN_STYLE = Automatic;
				CURRENT_PROJECT_VERSION = 1;
				DEVELOPMENT_TEAM = 9KP7LFTE8H;
				GENERATE_INFOPLIST_FILE = YES;
				MARKETING_VERSION = 1.0;
				PRODUCT_BUNDLE_IDENTIFIER = "com.swift-ci.CocoaheadsUITests";
				PRODUCT_NAME = "$(TARGET_NAME)";
				SWIFT_EMIT_LOC_STRINGS = NO;
				SWIFT_VERSION = 5.0;
				TARGETED_DEVICE_FAMILY = "1,2";
				TEST_TARGET_NAME = Cocoaheads;
			};
			name = Debug;
		};
		A9F1E1FE294C02A100D12F15 /* Release */ = {
			isa = XCBuildConfiguration;
			buildSettings = {
				ALWAYS_EMBED_SWIFT_STANDARD_LIBRARIES = YES;
				CODE_SIGN_STYLE = Automatic;
				CURRENT_PROJECT_VERSION = 1;
				DEVELOPMENT_TEAM = 9KP7LFTE8H;
				GENERATE_INFOPLIST_FILE = YES;
				MARKETING_VERSION = 1.0;
				PRODUCT_BUNDLE_IDENTIFIER = "com.swift-ci.CocoaheadsUITests";
				PRODUCT_NAME = "$(TARGET_NAME)";
				SWIFT_EMIT_LOC_STRINGS = NO;
				SWIFT_VERSION = 5.0;
				TARGETED_DEVICE_FAMILY = "1,2";
				TEST_TARGET_NAME = Cocoaheads;
			};
			name = Release;
		};
/* End XCBuildConfiguration section */

/* Begin XCConfigurationList section */
		A9F1E1CD294C02A000D12F15 /* Build configuration list for PBXProject "Cocoaheads" */ = {
			isa = XCConfigurationList;
			buildConfigurations = (
				A9F1E1F4294C02A100D12F15 /* Debug */,
				A9F1E1F5294C02A100D12F15 /* Release */,
			);
			defaultConfigurationIsVisible = 0;
			defaultConfigurationName = Release;
		};
		A9F1E1F6294C02A100D12F15 /* Build configuration list for PBXNativeTarget "Cocoaheads" */ = {
			isa = XCConfigurationList;
			buildConfigurations = (
				A9F1E1F7294C02A100D12F15 /* Debug */,
				A9F1E1F8294C02A100D12F15 /* Release */,
			);
			defaultConfigurationIsVisible = 0;
			defaultConfigurationName = Release;
		};
		A9F1E1F9294C02A100D12F15 /* Build configuration list for PBXNativeTarget "CocoaheadsTests" */ = {
			isa = XCConfigurationList;
			buildConfigurations = (
				A9F1E1FA294C02A100D12F15 /* Debug */,
				A9F1E1FB294C02A100D12F15 /* Release */,
			);
			defaultConfigurationIsVisible = 0;
			defaultConfigurationName = Release;
		};
		A9F1E1FC294C02A100D12F15 /* Build configuration list for PBXNativeTarget "CocoaheadsUITests" */ = {
			isa = XCConfigurationList;
			buildConfigurations = (
				A9F1E1FD294C02A100D12F15 /* Debug */,
				A9F1E1FE294C02A100D12F15 /* Release */,
			);
			defaultConfigurationIsVisible = 0;
			defaultConfigurationName = Release;
		};
/* End XCConfigurationList section */
	};
	rootObject = A9F1E1CA294C02A000D12F15 /* Project object */;
}
